
Microsoft Visual Studio Solution File, Format Version 12.00
# Visual Studio Version 17
VisualStudioVersion = 17.14.36203.30 d17.14
MinimumVisualStudioVersion = 10.0.40219.1
Project("{FAE04EC0-301F-11D3-BF4B-00C04F79EFBC}") = "amazonbestsellertrackerApp", "amazonbestsellertrackerApp.csproj", "{0BCF606F-953F-44AE-993E-5A45A8511D08}"
EndProject
Global
	GlobalSection(SolutionConfigurationPlatforms) = preSolution
		Debug|Any CPU = Debug|Any CPU
		Release|Any CPU = Release|Any CPU
	EndGlobalSection
	GlobalSection(ProjectConfigurationPlatforms) = postSolution
		{0BCF606F-953F-44AE-993E-5A45A8511D08}.Debug|Any CPU.ActiveCfg = Debug|Any CPU
		{0BCF606F-953F-44AE-993E-5A45A8511D08}.Debug|Any CPU.Build.0 = Debug|Any CPU
		{0BCF606F-953F-44AE-993E-5A45A8511D08}.Release|Any CPU.ActiveCfg = Release|Any CPU
		{0BCF606F-953F-44AE-993E-5A45A8511D08}.Release|Any CPU.Build.0 = Release|Any CPU
	EndGlobalSection
	GlobalSection(SolutionProperties) = preSolution
		HideSolutionNode = FALSE
	EndGlobalSection
	GlobalSection(ExtensibilityGlobals) = postSolution
		SolutionGuid = {1828B1F5-639E-4E86-AC30-A2AFC223BDAC}
	EndGlobalSection
EndGlobal
